
Microsoft Visual Studio Solution File, Format Version 12.00
# Visual Studio Version 17
VisualStudioVersion = 17.2.32505.173
MinimumVisualStudioVersion = 10.0.40219.1
Project("{FAE04EC0-301F-11D3-BF4B-00C04F79EFBC}") = "AppClient", "AppClient\AppClient.csproj", "{F496791E-0879-48ED-A5F6-29FF955FCF33}"
EndProject
Project("{FAE04EC0-301F-11D3-BF4B-00C04F79EFBC}") = "AppServer", "AppServer\AppServer.csproj", "{27F87D7F-149F-46A5-849E-2DC034B6EC8B}"
EndProject
Global
	GlobalSection(SolutionConfigurationPlatforms) = preSolution
		Debug|Any CPU = Debug|Any CPU
		Release|Any CPU = Release|Any CPU
	EndGlobalSection
	GlobalSection(ProjectConfigurationPlatforms) = postSolution
		{F496791E-0879-48ED-A5F6-29FF955FCF33}.Debug|Any CPU.ActiveCfg = Debug|Any CPU
		{F496791E-0879-48ED-A5F6-29FF955FCF33}.Debug|Any CPU.Build.0 = Debug|Any CPU
		{F496791E-0879-48ED-A5F6-29FF955FCF33}.Release|Any CPU.ActiveCfg = Release|Any CPU
		{F496791E-0879-48ED-A5F6-29FF955FCF33}.Release|Any CPU.Build.0 = Release|Any CPU
		{27F87D7F-149F-46A5-849E-2DC034B6EC8B}.Debug|Any CPU.ActiveCfg = Debug|Any CPU
		{27F87D7F-149F-46A5-849E-2DC034B6EC8B}.Debug|Any CPU.Build.0 = Debug|Any CPU
		{27F87D7F-149F-46A5-849E-2DC034B6EC8B}.Release|Any CPU.ActiveCfg = Release|Any CPU
		{27F87D7F-149F-46A5-849E-2DC034B6EC8B}.Release|Any CPU.Build.0 = Release|Any CPU
	EndGlobalSection
	GlobalSection(SolutionProperties) = preSolution
		HideSolutionNode = FALSE
	EndGlobalSection
	GlobalSection(ExtensibilityGlobals) = postSolution
		SolutionGuid = {87FF7458-BC86-4908-892B-5488EC477614}
	EndGlobalSection
EndGlobal
